
Microsoft Visual Studio Solution File, Format Version 12.00
# Visual Studio Version 16
VisualStudioVersion = 16.0.29728.190
MinimumVisualStudioVersion = 10.0.40219.1
Project("{FAE04EC0-301F-11D3-BF4B-00C04F79EFBC}") = "WebApplication7", "WebApplication7\WebApplication7.csproj", "{204797C1-285F-4BCB-87C8-C31B9D08C2A5}"
EndProject
Global
	GlobalSection(SolutionConfigurationPlatforms) = preSolution
		Debug|Any CPU = Debug|Any CPU
		Release|Any CPU = Release|Any CPU
	EndGlobalSection
	GlobalSection(ProjectConfigurationPlatforms) = postSolution
		{204797C1-285F-4BCB-87C8-C31B9D08C2A5}.Debug|Any CPU.ActiveCfg = Debug|Any CPU
		{204797C1-285F-4BCB-87C8-C31B9D08C2A5}.Debug|Any CPU.Build.0 = Debug|Any CPU
		{204797C1-285F-4BCB-87C8-C31B9D08C2A5}.Release|Any CPU.ActiveCfg = Release|Any CPU
		{204797C1-285F-4BCB-87C8-C31B9D08C2A5}.Release|Any CPU.Build.0 = Release|Any CPU
	EndGlobalSection
	GlobalSection(SolutionProperties) = preSolution
		HideSolutionNode = FALSE
	EndGlobalSection
	GlobalSection(ExtensibilityGlobals) = postSolution
		SolutionGuid = {B7772B0C-9B46-49BD-BEB2-3BEBFE7FB06D}
	EndGlobalSection
EndGlobal
